
Microsoft Visual Studio Solution File, Format Version 12.00
# Visual Studio 2012
Project("{8BC9CEB8-8B4A-11D0-8D11-00A0C91BC942}") = "ZHN_TEST3_1", "ZHN_TEST3_1\ZHN_TEST3_1.vcxproj", "{4D92438D-9522-44A3-AA7D-CE59996704BC}"
EndProject
Global
	GlobalSection(SolutionConfigurationPlatforms) = preSolution
		Debug|Win32 = Debug|Win32
		Release|Win32 = Release|Win32
	EndGlobalSection
	GlobalSection(ProjectConfigurationPlatforms) = postSolution
		{4D92438D-9522-44A3-AA7D-CE59996704BC}.Debug|Win32.ActiveCfg = Debug|Win32
		{4D92438D-9522-44A3-AA7D-CE59996704BC}.Debug|Win32.Build.0 = Debug|Win32
		{4D92438D-9522-44A3-AA7D-CE59996704BC}.Release|Win32.ActiveCfg = Release|Win32
		{4D92438D-9522-44A3-AA7D-CE59996704BC}.Release|Win32.Build.0 = Release|Win32
	EndGlobalSection
	GlobalSection(SolutionProperties) = preSolution
		HideSolutionNode = FALSE
	EndGlobalSection
EndGlobal
